# THIS IS AN AUTOGENERATED FILE. DO NOT EDIT THIS FILE DIRECTLY.
# yarn lockfile v1


"@ethersproject/abi@^5.5.0", "@ethersproject/abi@5.5.0":
  version "5.5.0"
  resolved "https://registry.npmjs.org/@ethersproject/abi/-/abi-5.5.0.tgz"
  integrity sha512-loW7I4AohP5KycATvc0MgujU6JyCHPqHdeoo9z3Nr9xEiNioxa65ccdm1+fsoJhkuhdRtfcL8cfyGamz2AxZ5w==
  dependencies:
    "@ethersproject/address" "^5.5.0"
    "@ethersproject/bignumber" "^5.5.0"
    "@ethersproject/bytes" "^5.5.0"
    "@ethersproject/constants" "^5.5.0"
    "@ethersproject/hash" "^5.5.0"
    "@ethersproject/keccak256" "^5.5.0"
    "@ethersproject/logger" "^5.5.0"
    "@ethersproject/properties" "^5.5.0"
    "@ethersproject/strings" "^5.5.0"

"@ethersproject/abstract-provider@^5.5.0", "@ethersproject/abstract-provider@5.5.1":
  version "5.5.1"
  resolved "https://registry.npmjs.org/@ethersproject/abstract-provider/-/abstract-provider-5.5.1.tgz"
  integrity sha512-m+MA/ful6eKbxpr99xUYeRvLkfnlqzrF8SZ46d/xFB1A7ZVknYc/sXJG0RcufF52Qn2jeFj1hhcoQ7IXjNKUqg==
  dependencies:
    "@ethersproject/bignumber" "^5.5.0"
    "@ethersproject/bytes" "^5.5.0"
    "@ethersproject/logger" "^5.5.0"
    "@ethersproject/networks" "^5.5.0"
    "@ethersproject/properties" "^5.5.0"
    "@ethersproject/transactions" "^5.5.0"
    "@ethersproject/web" "^5.5.0"

"@ethersproject/abstract-signer@^5.5.0", "@ethersproject/abstract-signer@5.5.0":
  version "5.5.0"
  resolved "https://registry.npmjs.org/@ethersproject/abstract-signer/-/abstract-signer-5.5.0.tgz"
  integrity sha512-lj//7r250MXVLKI7sVarXAbZXbv9P50lgmJQGr2/is82EwEb8r7HrxsmMqAjTsztMYy7ohrIhGMIml+Gx4D3mA==
  dependencies:
    "@ethersproject/abstract-provider" "^5.5.0"
    "@ethersproject/bignumber" "^5.5.0"
    "@ethersproject/bytes" "^5.5.0"
    "@ethersproject/logger" "^5.5.0"
    "@ethersproject/properties" "^5.5.0"

"@ethersproject/address@^5.5.0", "@ethersproject/address@5.5.0":
  version "5.5.0"
  resolved "https://registry.npmjs.org/@ethersproject/address/-/address-5.5.0.tgz"
  integrity sha512-l4Nj0eWlTUh6ro5IbPTgbpT4wRbdH5l8CQf7icF7sb/SI3Nhd9Y9HzhonTSTi6CefI0necIw7LJqQPopPLZyWw==
  dependencies:
    "@ethersproject/bignumber" "^5.5.0"
    "@ethersproject/bytes" "^5.5.0"
    "@ethersproject/keccak256" "^5.5.0"
    "@ethersproject/logger" "^5.5.0"
    "@ethersproject/rlp" "^5.5.0"

"@ethersproject/base64@^5.5.0", "@ethersproject/base64@5.5.0":
  version "5.5.0"
  resolved "https://registry.npmjs.org/@ethersproject/base64/-/base64-5.5.0.tgz"
  integrity sha512-tdayUKhU1ljrlHzEWbStXazDpsx4eg1dBXUSI6+mHlYklOXoXF6lZvw8tnD6oVaWfnMxAgRSKROg3cVKtCcppA==
  dependencies:
    "@ethersproject/bytes" "^5.5.0"

"@ethersproject/basex@^5.5.0", "@ethersproject/basex@5.5.0":
  version "5.5.0"
  resolved "https://registry.npmjs.org/@ethersproject/basex/-/basex-5.5.0.tgz"
  integrity sha512-ZIodwhHpVJ0Y3hUCfUucmxKsWQA5TMnavp5j/UOuDdzZWzJlRmuOjcTMIGgHCYuZmHt36BfiSyQPSRskPxbfaQ==
  dependencies:
    "@ethersproject/bytes" "^5.5.0"
    "@ethersproject/properties" "^5.5.0"

"@ethersproject/bignumber@^5.5.0", "@ethersproject/bignumber@5.5.0":
  version "5.5.0"
  resolved "https://registry.npmjs.org/@ethersproject/bignumber/-/bignumber-5.5.0.tgz"
  integrity sha512-6Xytlwvy6Rn3U3gKEc1vP7nR92frHkv6wtVr95LFR3jREXiCPzdWxKQ1cx4JGQBXxcguAwjA8murlYN2TSiEbg==
  dependencies:
    "@ethersproject/bytes" "^5.5.0"
    "@ethersproject/logger" "^5.5.0"
    bn.js "^4.11.9"

"@ethersproject/bytes@^5.5.0", "@ethersproject/bytes@5.5.0":
  version "5.5.0"
  resolved "https://registry.npmjs.org/@ethersproject/bytes/-/bytes-5.5.0.tgz"
  integrity sha512-ABvc7BHWhZU9PNM/tANm/Qx4ostPGadAuQzWTr3doklZOhDlmcBqclrQe/ZXUIj3K8wC28oYeuRa+A37tX9kog==
  dependencies:
    "@ethersproject/logger" "^5.5.0"

"@ethersproject/constants@^5.5.0", "@ethersproject/constants@5.5.0":
  version "5.5.0"
  resolved "https://registry.npmjs.org/@ethersproject/constants/-/constants-5.5.0.tgz"
  integrity sha512-2MsRRVChkvMWR+GyMGY4N1sAX9Mt3J9KykCsgUFd/1mwS0UH1qw+Bv9k1UJb3X3YJYFco9H20pjSlOIfCG5HYQ==
  dependencies:
    "@ethersproject/bignumber" "^5.5.0"

"@ethersproject/contracts@5.5.0":
  version "5.5.0"
  resolved "https://registry.npmjs.org/@ethersproject/contracts/-/contracts-5.5.0.tgz"
  integrity sha512-2viY7NzyvJkh+Ug17v7g3/IJC8HqZBDcOjYARZLdzRxrfGlRgmYgl6xPRKVbEzy1dWKw/iv7chDcS83pg6cLxg==
  dependencies:
    "@ethersproject/abi" "^5.5.0"
    "@ethersproject/abstract-provider" "^5.5.0"
    "@ethersproject/abstract-signer" "^5.5.0"
    "@ethersproject/address" "^5.5.0"
    "@ethersproject/bignumber" "^5.5.0"
    "@ethersproject/bytes" "^5.5.0"
    "@ethersproject/constants" "^5.5.0"
    "@ethersproject/logger" "^5.5.0"
    "@ethersproject/properties" "^5.5.0"
    "@ethersproject/transactions" "^5.5.0"

"@ethersproject/hash@^5.5.0", "@ethersproject/hash@5.5.0":
  version "5.5.0"
  resolved "https://registry.npmjs.org/@ethersproject/hash/-/hash-5.5.0.tgz"
  integrity sha512-dnGVpK1WtBjmnp3mUT0PlU2MpapnwWI0PibldQEq1408tQBAbZpPidkWoVVuNMOl/lISO3+4hXZWCL3YV7qzfg==
  dependencies:
    "@ethersproject/abstract-signer" "^5.5.0"
    "@ethersproject/address" "^5.5.0"
    "@ethersproject/bignumber" "^5.5.0"
    "@ethersproject/bytes" "^5.5.0"
    "@ethersproject/keccak256" "^5.5.0"
    "@ethersproject/logger" "^5.5.0"
    "@ethersproject/properties" "^5.5.0"
    "@ethersproject/strings" "^5.5.0"

"@ethersproject/hdnode@^5.5.0", "@ethersproject/hdnode@5.5.0":
  version "5.5.0"
  resolved "https://registry.npmjs.org/@ethersproject/hdnode/-/hdnode-5.5.0.tgz"
  integrity sha512-mcSOo9zeUg1L0CoJH7zmxwUG5ggQHU1UrRf8jyTYy6HxdZV+r0PBoL1bxr+JHIPXRzS6u/UW4mEn43y0tmyF8Q==
  dependencies:
    "@ethersproject/abstract-signer" "^5.5.0"
    "@ethersproject/basex" "^5.5.0"
    "@ethersproject/bignumber" "^5.5.0"
    "@ethersproject/bytes" "^5.5.0"
    "@ethersproject/logger" "^5.5.0"
    "@ethersproject/pbkdf2" "^5.5.0"
    "@ethersproject/properties" "^5.5.0"
    "@ethersproject/sha2" "^5.5.0"
    "@ethersproject/signing-key" "^5.5.0"
    "@ethersproject/strings" "^5.5.0"
    "@ethersproject/transactions" "^5.5.0"
    "@ethersproject/wordlists" "^5.5.0"

"@ethersproject/json-wallets@^5.5.0", "@ethersproject/json-wallets@5.5.0":
  version "5.5.0"
  resolved "https://registry.npmjs.org/@ethersproject/json-wallets/-/json-wallets-5.5.0.tgz"
  integrity sha512-9lA21XQnCdcS72xlBn1jfQdj2A1VUxZzOzi9UkNdnokNKke/9Ya2xA9aIK1SC3PQyBDLt4C+dfps7ULpkvKikQ==
  dependencies:
    "@ethersproject/abstract-signer" "^5.5.0"
    "@ethersproject/address" "^5.5.0"
    "@ethersproject/bytes" "^5.5.0"
    "@ethersproject/hdnode" "^5.5.0"
    "@ethersproject/keccak256" "^5.5.0"
    "@ethersproject/logger" "^5.5.0"
    "@ethersproject/pbkdf2" "^5.5.0"
    "@ethersproject/properties" "^5.5.0"
    "@ethersproject/random" "^5.5.0"
    "@ethersproject/strings" "^5.5.0"
    "@ethersproject/transactions" "^5.5.0"
    aes-js "3.0.0"
    scrypt-js "3.0.1"

"@ethersproject/keccak256@^5.5.0", "@ethersproject/keccak256@5.5.0":
  version "5.5.0"
  resolved "https://registry.npmjs.org/@ethersproject/keccak256/-/keccak256-5.5.0.tgz"
  integrity sha512-5VoFCTjo2rYbBe1l2f4mccaRFN/4VQEYFwwn04aJV2h7qf4ZvI2wFxUE1XOX+snbwCLRzIeikOqtAoPwMza9kg==
  dependencies:
    "@ethersproject/bytes" "^5.5.0"
    js-sha3 "0.8.0"

"@ethersproject/logger@^5.5.0", "@ethersproject/logger@5.5.0":
  version "5.5.0"
  resolved "https://registry.npmjs.org/@ethersproject/logger/-/logger-5.5.0.tgz"
  integrity sha512-rIY/6WPm7T8n3qS2vuHTUBPdXHl+rGxWxW5okDfo9J4Z0+gRRZT0msvUdIJkE4/HS29GUMziwGaaKO2bWONBrg==

"@ethersproject/networks@^5.5.0", "@ethersproject/networks@5.5.1":
  version "5.5.1"
  resolved "https://registry.npmjs.org/@ethersproject/networks/-/networks-5.5.1.tgz"
  integrity sha512-tYRDM4zZtSUcKnD4UMuAlj7SeXH/k5WC4SP2u1Pn57++JdXHkRu2zwNkgNogZoxHzhm9Q6qqurDBVptHOsW49Q==
  dependencies:
    "@ethersproject/logger" "^5.5.0"

"@ethersproject/pbkdf2@^5.5.0", "@ethersproject/pbkdf2@5.5.0":
  version "5.5.0"
  resolved "https://registry.npmjs.org/@ethersproject/pbkdf2/-/pbkdf2-5.5.0.tgz"
  integrity sha512-SaDvQFvXPnz1QGpzr6/HToLifftSXGoXrbpZ6BvoZhmx4bNLHrxDe8MZisuecyOziP1aVEwzC2Hasj+86TgWVg==
  dependencies:
    "@ethersproject/bytes" "^5.5.0"
    "@ethersproject/sha2" "^5.5.0"

"@ethersproject/properties@^5.5.0", "@ethersproject/properties@5.5.0":
  version "5.5.0"
  resolved "https://registry.npmjs.org/@ethersproject/properties/-/properties-5.5.0.tgz"
  integrity sha512-l3zRQg3JkD8EL3CPjNK5g7kMx4qSwiR60/uk5IVjd3oq1MZR5qUg40CNOoEJoX5wc3DyY5bt9EbMk86C7x0DNA==
  dependencies:
    "@ethersproject/logger" "^5.5.0"

"@ethersproject/providers@5.5.1":
  version "5.5.1"
  resolved "https://registry.npmjs.org/@ethersproject/providers/-/providers-5.5.1.tgz"
  integrity sha512-2zdD5sltACDWhjUE12Kucg2PcgM6V2q9JMyVvObtVGnzJu+QSmibbP+BHQyLWZUBfLApx2942+7DC5D+n4wBQQ==
  dependencies:
    "@ethersproject/abstract-provider" "^5.5.0"
    "@ethersproject/abstract-signer" "^5.5.0"
    "@ethersproject/address" "^5.5.0"
    "@ethersproject/basex" "^5.5.0"
    "@ethersproject/bignumber" "^5.5.0"
    "@ethersproject/bytes" "^5.5.0"
    "@ethersproject/constants" "^5.5.0"
    "@ethersproject/hash" "^5.5.0"
    "@ethersproject/logger" "^5.5.0"
    "@ethersproject/networks" "^5.5.0"
    "@ethersproject/properties" "^5.5.0"
    "@ethersproject/random" "^5.5.0"
    "@ethersproject/rlp" "^5.5.0"
    "@ethersproject/sha2" "^5.5.0"
    "@ethersproject/strings" "^5.5.0"
    "@ethersproject/transactions" "^5.5.0"
    "@ethersproject/web" "^5.5.0"
    bech32 "1.1.4"
    ws "7.4.6"

"@ethersproject/random@^5.5.0", "@ethersproject/random@5.5.0":
  version "5.5.0"
  resolved "https://registry.npmjs.org/@ethersproject/random/-/random-5.5.0.tgz"
  integrity sha512-egGYZwZ/YIFKMHcoBUo8t3a8Hb/TKYX8BCBoLjudVCZh892welR3jOxgOmb48xznc9bTcMm7Tpwc1gHC1PFNFQ==
  dependencies:
    "@ethersproject/bytes" "^5.5.0"
    "@ethersproject/logger" "^5.5.0"

"@ethersproject/rlp@^5.5.0", "@ethersproject/rlp@5.5.0":
  version "5.5.0"
  resolved "https://registry.npmjs.org/@ethersproject/rlp/-/rlp-5.5.0.tgz"
  integrity sha512-hLv8XaQ8PTI9g2RHoQGf/WSxBfTB/NudRacbzdxmst5VHAqd1sMibWG7SENzT5Dj3yZ3kJYx+WiRYEcQTAkcYA==
  dependencies:
    "@ethersproject/bytes" "^5.5.0"
    "@ethersproject/logger" "^5.5.0"

"@ethersproject/sha2@^5.5.0", "@ethersproject/sha2@5.5.0":
  version "5.5.0"
  resolved "https://registry.npmjs.org/@ethersproject/sha2/-/sha2-5.5.0.tgz"
  integrity sha512-B5UBoglbCiHamRVPLA110J+2uqsifpZaTmid2/7W5rbtYVz6gus6/hSDieIU/6gaKIDcOj12WnOdiymEUHIAOA==
  dependencies:
    "@ethersproject/bytes" "^5.5.0"
    "@ethersproject/logger" "^5.5.0"
    hash.js "1.1.7"

"@ethersproject/signing-key@^5.5.0", "@ethersproject/signing-key@5.5.0":
  version "5.5.0"
  resolved "https://registry.npmjs.org/@ethersproject/signing-key/-/signing-key-5.5.0.tgz"
  integrity sha512-5VmseH7qjtNmDdZBswavhotYbWB0bOwKIlOTSlX14rKn5c11QmJwGt4GHeo7NrL/Ycl7uo9AHvEqs5xZgFBTng==
  dependencies:
    "@ethersproject/bytes" "^5.5.0"
    "@ethersproject/logger" "^5.5.0"
    "@ethersproject/properties" "^5.5.0"
    bn.js "^4.11.9"
    elliptic "6.5.4"
    hash.js "1.1.7"

"@ethersproject/solidity@5.5.0":
  version "5.5.0"
  resolved "https://registry.npmjs.org/@ethersproject/solidity/-/solidity-5.5.0.tgz"
  integrity sha512-9NgZs9LhGMj6aCtHXhtmFQ4AN4sth5HuFXVvAQtzmm0jpSCNOTGtrHZJAeYTh7MBjRR8brylWZxBZR9zDStXbw==
  dependencies:
    "@ethersproject/bignumber" "^5.5.0"
    "@ethersproject/bytes" "^5.5.0"
    "@ethersproject/keccak256" "^5.5.0"
    "@ethersproject/logger" "^5.5.0"
    "@ethersproject/sha2" "^5.5.0"
    "@ethersproject/strings" "^5.5.0"

"@ethersproject/strings@^5.5.0", "@ethersproject/strings@5.5.0":
  version "5.5.0"
  resolved "https://registry.npmjs.org/@ethersproject/strings/-/strings-5.5.0.tgz"
  integrity sha512-9fy3TtF5LrX/wTrBaT8FGE6TDJyVjOvXynXJz5MT5azq+E6D92zuKNx7i29sWW2FjVOaWjAsiZ1ZWznuduTIIQ==
  dependencies:
    "@ethersproject/bytes" "^5.5.0"
    "@ethersproject/constants" "^5.5.0"
    "@ethersproject/logger" "^5.5.0"

"@ethersproject/transactions@^5.5.0", "@ethersproject/transactions@5.5.0":
  version "5.5.0"
  resolved "https://registry.npmjs.org/@ethersproject/transactions/-/transactions-5.5.0.tgz"
  integrity sha512-9RZYSKX26KfzEd/1eqvv8pLauCKzDTub0Ko4LfIgaERvRuwyaNV78mJs7cpIgZaDl6RJui4o49lHwwCM0526zA==
  dependencies:
    "@ethersproject/address" "^5.5.0"
    "@ethersproject/bignumber" "^5.5.0"
    "@ethersproject/bytes" "^5.5.0"
    "@ethersproject/constants" "^5.5.0"
    "@ethersproject/keccak256" "^5.5.0"
    "@ethersproject/logger" "^5.5.0"
    "@ethersproject/properties" "^5.5.0"
    "@ethersproject/rlp" "^5.5.0"
    "@ethersproject/signing-key" "^5.5.0"

"@ethersproject/units@5.5.0":
  version "5.5.0"
  resolved "https://registry.npmjs.org/@ethersproject/units/-/units-5.5.0.tgz"
  integrity sha512-7+DpjiZk4v6wrikj+TCyWWa9dXLNU73tSTa7n0TSJDxkYbV3Yf1eRh9ToMLlZtuctNYu9RDNNy2USq3AdqSbag==
  dependencies:
    "@ethersproject/bignumber" "^5.5.0"
    "@ethersproject/constants" "^5.5.0"
    "@ethersproject/logger" "^5.5.0"

"@ethersproject/wallet@5.5.0":
  version "5.5.0"
  resolved "https://registry.npmjs.org/@ethersproject/wallet/-/wallet-5.5.0.tgz"
  integrity sha512-Mlu13hIctSYaZmUOo7r2PhNSd8eaMPVXe1wxrz4w4FCE4tDYBywDH+bAR1Xz2ADyXGwqYMwstzTrtUVIsKDO0Q==
  dependencies:
    "@ethersproject/abstract-provider" "^5.5.0"
    "@ethersproject/abstract-signer" "^5.5.0"
    "@ethersproject/address" "^5.5.0"
    "@ethersproject/bignumber" "^5.5.0"
    "@ethersproject/bytes" "^5.5.0"
    "@ethersproject/hash" "^5.5.0"
    "@ethersproject/hdnode" "^5.5.0"
    "@ethersproject/json-wallets" "^5.5.0"
    "@ethersproject/keccak256" "^5.5.0"
    "@ethersproject/logger" "^5.5.0"
    "@ethersproject/properties" "^5.5.0"
    "@ethersproject/random" "^5.5.0"
    "@ethersproject/signing-key" "^5.5.0"
    "@ethersproject/transactions" "^5.5.0"
    "@ethersproject/wordlists" "^5.5.0"

"@ethersproject/web@^5.5.0", "@ethersproject/web@5.5.1":
  version "5.5.1"
  resolved "https://registry.npmjs.org/@ethersproject/web/-/web-5.5.1.tgz"
  integrity sha512-olvLvc1CB12sREc1ROPSHTdFCdvMh0J5GSJYiQg2D0hdD4QmJDy8QYDb1CvoqD/bF1c++aeKv2sR5uduuG9dQg==
  dependencies:
    "@ethersproject/base64" "^5.5.0"
    "@ethersproject/bytes" "^5.5.0"
    "@ethersproject/logger" "^5.5.0"
    "@ethersproject/properties" "^5.5.0"
    "@ethersproject/strings" "^5.5.0"

"@ethersproject/wordlists@^5.5.0", "@ethersproject/wordlists@5.5.0":
  version "5.5.0"
  resolved "https://registry.npmjs.org/@ethersproject/wordlists/-/wordlists-5.5.0.tgz"
  integrity sha512-bL0UTReWDiaQJJYOC9sh/XcRu/9i2jMrzf8VLRmPKx58ckSlOJiohODkECCO50dtLZHcGU6MLXQ4OOrgBwP77Q==
  dependencies:
    "@ethersproject/bytes" "^5.5.0"
    "@ethersproject/hash" "^5.5.0"
    "@ethersproject/logger" "^5.5.0"
    "@ethersproject/properties" "^5.5.0"
    "@ethersproject/strings" "^5.5.0"

"@types/mkdirp@^0.5.2":
  version "0.5.2"
  resolved "https://registry.npmjs.org/@types/mkdirp/-/mkdirp-0.5.2.tgz"
  integrity sha512-U5icWpv7YnZYGsN4/cmh3WD2onMY0aJIiTE6+51TwJCttdHvtCYmkBNOobHlXwrJRL0nkH9jH4kD+1FAdMN4Tg==
  dependencies:
    "@types/node" "*"

"@types/node@*":
  version "20.4.0"
  resolved "https://registry.npmjs.org/@types/node/-/node-20.4.0.tgz"
  integrity sha512-jfT7iTf/4kOQ9S7CHV9BIyRaQqHu67mOjsIQBC3BKZvzvUB6zLxEwJ6sBE3ozcvP8kF6Uk5PXN0Q+c0dfhGX0g==

"@types/prettier@^2.1.1":
  version "2.1.5"
  resolved "https://registry.npmjs.org/@types/prettier/-/prettier-2.1.5.tgz"
  integrity sha512-UEyp8LwZ4Dg30kVU2Q3amHHyTn1jEdhCIE59ANed76GaT1Vp76DD3ZWSAxgCrw6wJ0TqeoBpqmfUHiUDPs//HQ==

"@types/resolve@^0.0.8":
  version "0.0.8"
  resolved "https://registry.npmjs.org/@types/resolve/-/resolve-0.0.8.tgz"
  integrity sha512-auApPaJf3NPfe18hSoJkp8EbZzer2ISk7o8mCC3M9he/a04+gbMF97NkpD2S8riMGvm4BMRI59/SZQSaLTKpsQ==
  dependencies:
    "@types/node" "*"

aes-js@3.0.0:
  version "3.0.0"
  resolved "https://registry.npmjs.org/aes-js/-/aes-js-3.0.0.tgz"
  integrity sha1-4h3xCtbCBTKVvLuNq0Cwnb6ofk0= sha512-H7wUZRn8WpTq9jocdxQ2c8x2sKo9ZVmzfRE13GiNJXfp7NcKYEdvl3vspKjXox6RIG2VtaRe4JFvxG4rqp2Zuw==

ansi-styles@^3.2.1:
  version "3.2.1"
  resolved "https://registry.npmjs.org/ansi-styles/-/ansi-styles-3.2.1.tgz"
  integrity sha512-VT0ZI6kZRdTh8YyJw3SMbYm/u+NqfsAxEpWO0Pf9sq8/e94WxxOpPKx9FR1FlyCtOVDNOQ+8ntlqFxiRc+r5qA==
  dependencies:
    color-convert "^1.9.0"

arg@^4.1.0:
  version "4.1.3"
  resolved "https://registry.npmjs.org/arg/-/arg-4.1.3.tgz"
  integrity sha512-58S9QDqG0Xx27YwPSt9fJxivjYl432YCwfDMfZ+71RAqUrZef7LrKQZ3LHLOwCS4FLNBplP533Zx895SeOCHvA==

balanced-match@^1.0.0:
  version "1.0.2"
  resolved "https://registry.npmjs.org/balanced-match/-/balanced-match-1.0.2.tgz"
  integrity sha512-3oSeUO0TMV67hN1AmbXsK4yaqU7tjiHlbxRDZOpH0KW9+CeX4bRAaX0Anxt0tx2MrpRpWwQaPwIlISEJhYU5Pw==

bech32@1.1.4:
  version "1.1.4"
  resolved "https://registry.npmjs.org/bech32/-/bech32-1.1.4.tgz"
  integrity sha512-s0IrSOzLlbvX7yp4WBfPITzpAU8sqQcpsmwXDiKwrG4r491vwCO/XpejasRNl0piBMe/DvP4Tz0mIS/X1DPJBQ==

bn.js@^4.11.9:
  version "4.12.0"
  resolved "https://registry.npmjs.org/bn.js/-/bn.js-4.12.0.tgz"
  integrity sha512-c98Bf3tPniI+scsdk237ku1Dc3ujXQTSgyiPUDEOe7tRkhrqridvh8klBv0HCEso1OLOYcHuCv/cS6DNxKH+ZA==

brace-expansion@^1.1.7:
  version "1.1.11"
  resolved "https://registry.npmjs.org/brace-expansion/-/brace-expansion-1.1.11.tgz"
  integrity sha512-iCuPHDFgrHX7H2vEI/5xpz07zSHB00TpugqhmYtVmMO6518mCuRMoOYFldEBl0g187ufozdaHgWKcYFb61qGiA==
  dependencies:
    balanced-match "^1.0.0"
    concat-map "0.0.1"

brorand@^1.1.0:
  version "1.1.0"
  resolved "https://registry.npmjs.org/brorand/-/brorand-1.1.0.tgz"
  integrity sha512-cKV8tMCEpQs4hK/ik71d6LrPOnpkpGBR0wzxqr68g2m/LB2GxVYQroAjMJZRVM1Y4BCjCKc3vAamxSzOY2RP+w==

buffer-from@^1.0.0:
  version "1.1.2"
  resolved "https://registry.npmjs.org/buffer-from/-/buffer-from-1.1.2.tgz"
  integrity sha512-E+XQCRwSbaaiChtv6k6Dwgc+bx+Bs6vuKJHHl5kox/BaKbhiXzqQOwK4cO22yElGp2OCmjwVhT3HmxgyPGnJfQ==

chalk@^2.4.1:
  version "2.4.2"
  resolved "https://registry.npmjs.org/chalk/-/chalk-2.4.2.tgz"
  integrity sha512-Mti+f9lpJNcwF4tWV8/OrTTtF1gZi+f8FqlyAdouralcFWFQWF2+NgCHShjkCb+IFBLq9buZwE1xckQU4peSuQ==
  dependencies:
    ansi-styles "^3.2.1"
    escape-string-regexp "^1.0.5"
    supports-color "^5.3.0"

color-convert@^1.9.0:
  version "1.9.3"
  resolved "https://registry.npmjs.org/color-convert/-/color-convert-1.9.3.tgz"
  integrity sha512-QfAUtd+vFdAtFQcC8CCyYt1fYWxSqAiK2cSD6zDB8N3cpsEBAvRxp9zOGg6G/SHHJYAT88/az/IuDGALsNVbGg==
  dependencies:
    color-name "1.1.3"

color-name@1.1.3:
  version "1.1.3"
  resolved "https://registry.npmjs.org/color-name/-/color-name-1.1.3.tgz"
  integrity sha512-72fSenhMw2HZMTVHeCA9KCmpEIbzWiQsjN+BHcBbS9vr1mtt+vJjPdksIBNUmKAW8TFUDPJK5SUU3QhE9NEXDw==

concat-map@0.0.1:
  version "0.0.1"
  resolved "https://registry.npmjs.org/concat-map/-/concat-map-0.0.1.tgz"
  integrity sha512-/Srv4dswyQNBfohGpz9o6Yb3Gz3SrUDqBH5rTuhGR7ahtlbYKnVxw2bCFMRljaA7EXHaXZ8wsHdodFvbkhKmqg==

decimal.js@^10.2.1:
  version "10.3.1"
  resolved "https://registry.npmjs.org/decimal.js/-/decimal.js-10.3.1.tgz"
  integrity sha512-V0pfhfr8suzyPGOx3nmq4aHqabehUZn6Ch9kyFpV79TGDTWFmHqUqXdabR7QHqxzrYolF4+tVmJhUG4OURg5dQ==

diff@^4.0.1:
  version "4.0.2"
  resolved "https://registry.npmjs.org/diff/-/diff-4.0.2.tgz"
  integrity sha512-58lmxKSA4BNyLz+HHMUzlOEpg09FV+ev6ZMe3vJihgdxzgcwZ8VoEEPmALCZG9LmqfVoNMMKpttIYTVG6uDY7A==

elliptic@6.5.4:
  version "6.5.4"
  resolved "https://registry.npmjs.org/elliptic/-/elliptic-6.5.4.tgz"
  integrity sha512-iLhC6ULemrljPZb+QutR5TQGB+pdW6KGD5RSegS+8sorOZT+rdQFbsQFJgvN3eRqNALqJer4oQ16YvJHlU8hzQ==
  dependencies:
    bn.js "^4.11.9"
    brorand "^1.1.0"
    hash.js "^1.0.0"
    hmac-drbg "^1.0.1"
    inherits "^2.0.4"
    minimalistic-assert "^1.0.1"
    minimalistic-crypto-utils "^1.0.1"

escape-string-regexp@^1.0.5:
  version "1.0.5"
  resolved "https://registry.npmjs.org/escape-string-regexp/-/escape-string-regexp-1.0.5.tgz"
  integrity sha1-G2HAViGQqN/2rjuyzwIAyhMLhtQ= sha512-vbRorB5FUQWvla16U8R/qgaFIya2qGzwDrNmCZuYKrbdSUMG6I1ZCGQRefkRVhuOkIGVne7BQ35DSfo1qvJqFg==

ethers@^5.0.8:
  version "5.5.2"
  resolved "https://registry.npmjs.org/ethers/-/ethers-5.5.2.tgz"
  integrity sha512-EF5W+6Wwcu6BqVwpgmyR5U2+L4c1FQzlM/02dkZOugN3KF0cG9bzHZP+TDJglmPm2/IzCEJDT7KBxzayk7SAHw==
  dependencies:
    "@ethersproject/abi" "5.5.0"
    "@ethersproject/abstract-provider" "5.5.1"
    "@ethersproject/abstract-signer" "5.5.0"
    "@ethersproject/address" "5.5.0"
    "@ethersproject/base64" "5.5.0"
    "@ethersproject/basex" "5.5.0"
    "@ethersproject/bignumber" "5.5.0"
    "@ethersproject/bytes" "5.5.0"
    "@ethersproject/constants" "5.5.0"
    "@ethersproject/contracts" "5.5.0"
    "@ethersproject/hash" "5.5.0"
    "@ethersproject/hdnode" "5.5.0"
    "@ethersproject/json-wallets" "5.5.0"
    "@ethersproject/keccak256" "5.5.0"
    "@ethersproject/logger" "5.5.0"
    "@ethersproject/networks" "5.5.1"
    "@ethersproject/pbkdf2" "5.5.0"
    "@ethersproject/properties" "5.5.0"
    "@ethersproject/providers" "5.5.1"
    "@ethersproject/random" "5.5.0"
    "@ethersproject/rlp" "5.5.0"
    "@ethersproject/sha2" "5.5.0"
    "@ethersproject/signing-key" "5.5.0"
    "@ethersproject/solidity" "5.5.0"
    "@ethersproject/strings" "5.5.0"
    "@ethersproject/transactions" "5.5.0"
    "@ethersproject/units" "5.5.0"
    "@ethersproject/wallet" "5.5.0"
    "@ethersproject/web" "5.5.1"
    "@ethersproject/wordlists" "5.5.0"

fs.realpath@^1.0.0:
  version "1.0.0"
  resolved "https://registry.npmjs.org/fs.realpath/-/fs.realpath-1.0.0.tgz"
  integrity sha512-OO0pH2lK6a0hZnAdau5ItzHPI6pUlvI7jMVnxUQRtw4owF2wk8lOSabtGDCTP4Ggrg2MbGnWO9X8K1t4+fGMDw==

function-bind@^1.1.1:
  version "1.1.1"
  resolved "https://registry.npmjs.org/function-bind/-/function-bind-1.1.1.tgz"
  integrity sha512-yIovAzMX49sF8Yl58fSCWJ5svSLuaibPxXQJFLmBObTuCr0Mf1KiPopGM9NiFjiYBCbfaa2Fh6breQ6ANVTI0A==

glob@^7.1.2:
  version "7.2.0"
  resolved "https://registry.npmjs.org/glob/-/glob-7.2.0.tgz"
  integrity sha512-lmLf6gtyrPq8tTjSmrO94wBeQbFR3HbLHbuyD69wuyQkImp2hWqMGB47OX65FBkPffO641IP9jWa1z4ivqG26Q==
  dependencies:
    fs.realpath "^1.0.0"
    inflight "^1.0.4"
    inherits "2"
    minimatch "^3.0.4"
    once "^1.3.0"
    path-is-absolute "^1.0.0"

has-flag@^3.0.0:
  version "3.0.0"
  resolved "https://registry.npmjs.org/has-flag/-/has-flag-3.0.0.tgz"
  integrity sha512-sKJf1+ceQBr4SMkvQnBDNDtf4TXpVhVGateu0t918bl30FnbE2m4vNLX+VWe/dpjlb+HugGYzW7uQXH98HPEYw==

has@^1.0.3:
  version "1.0.3"
  resolved "https://registry.npmjs.org/has/-/has-1.0.3.tgz"
  integrity sha512-f2dvO0VU6Oej7RkWJGrehjbzMAjFp5/VKPp5tTpWIV4JHHZK1/BxbFRtf/siA2SWTe09caDmVtYYzWEIbBS4zw==
  dependencies:
    function-bind "^1.1.1"

hash.js@^1.0.0, hash.js@^1.0.3, hash.js@1.1.7:
  version "1.1.7"
  resolved "https://registry.npmjs.org/hash.js/-/hash.js-1.1.7.tgz"
  integrity sha512-taOaskGt4z4SOANNseOviYDvjEJinIkRgmp7LbKP2YTTmVxWBl87s/uzK9r+44BclBSp2X7K1hqeNfz9JbBeXA==
  dependencies:
    inherits "^2.0.3"
    minimalistic-assert "^1.0.1"

hmac-drbg@^1.0.1:
  version "1.0.1"
  resolved "https://registry.npmjs.org/hmac-drbg/-/hmac-drbg-1.0.1.tgz"
  integrity sha512-Tti3gMqLdZfhOQY1Mzf/AanLiqh1WTiJgEj26ZuYQ9fbkLomzGchCws4FyrSd4VkpBfiNhaE1On+lOz894jvXg==
  dependencies:
    hash.js "^1.0.3"
    minimalistic-assert "^1.0.0"
    minimalistic-crypto-utils "^1.0.1"

inflight@^1.0.4:
  version "1.0.6"
  resolved "https://registry.npmjs.org/inflight/-/inflight-1.0.6.tgz"
  integrity sha512-k92I/b08q4wvFscXCLvqfsHCrjrF7yiXsQuIVvVE7N82W3+aqpzuUdBbfhWcy/FZR3/4IgflMgKLOsvPDrGCJA==
  dependencies:
    once "^1.3.0"
    wrappy "1"

inherits@^2.0.3, inherits@^2.0.4, inherits@2:
  version "2.0.4"
  resolved "https://registry.npmjs.org/inherits/-/inherits-2.0.4.tgz"
  integrity sha512-k/vGaX4/Yla3WzyMCvTQOXYeIHvqOKtnqBduzTHpzpQZzAskKMhZ2K+EnBiSM9zGSoIFeMpXKxa4dYeZIQqewQ==

is-core-module@^2.1.0:
  version "2.8.0"
  resolved "https://registry.npmjs.org/is-core-module/-/is-core-module-2.8.0.tgz"
  integrity sha512-vd15qHsaqrRL7dtH6QNuy0ndJmRDrS9HAM1CAiSifNUFv4x1a0CCVsj18hJ1mShxIG6T2i1sO78MkP56r0nYRw==
  dependencies:
    has "^1.0.3"

js-sha3@0.8.0:
  version "0.8.0"
  resolved "https://registry.npmjs.org/js-sha3/-/js-sha3-0.8.0.tgz"
  integrity sha512-gF1cRrHhIzNfToc802P800N8PpXS+evLLXfsVpowqmAFR9uwbi89WvXg2QspOmXL8QL86J4T1EpFu+yUkwJY3Q==

make-error@^1.1.1:
  version "1.3.6"
  resolved "https://registry.npmjs.org/make-error/-/make-error-1.3.6.tgz"
  integrity sha512-s8UhlNe7vPKomQhC1qFelMokr/Sc3AgNbso3n74mVPA5LTZwkB9NlXf4XPamLxJE8h0gh73rM94xvwRT2CVInw==

minimalistic-assert@^1.0.0, minimalistic-assert@^1.0.1:
  version "1.0.1"
  resolved "https://registry.npmjs.org/minimalistic-assert/-/minimalistic-assert-1.0.1.tgz"
  integrity sha512-UtJcAD4yEaGtjPezWuO9wC4nwUnVH/8/Im3yEHQP4b67cXlD/Qr9hdITCU1xDbSEXg2XKNaP8jsReV7vQd00/A==

minimalistic-crypto-utils@^1.0.1:
  version "1.0.1"
  resolved "https://registry.npmjs.org/minimalistic-crypto-utils/-/minimalistic-crypto-utils-1.0.1.tgz"
  integrity sha512-JIYlbt6g8i5jKfJ3xz7rF0LXmv2TkDxBLUkiBeZ7bAx4GnnNMr8xFpGnOxn6GhTEHx3SjRrZEoU+j04prX1ktg==

minimatch@^3.0.4:
  version "3.1.2"
  resolved "https://registry.npmjs.org/minimatch/-/minimatch-3.1.2.tgz"
  integrity sha512-J7p63hRiAjw1NDEww1W7i37+ByIrOWO5XQQAzZ3VOcL0PNybwpfmV/N05zFAzwQ9USyEcX6t3UO+K5aqBQOIHw==
  dependencies:
    brace-expansion "^1.1.7"

minimist@^1.2.5:
  version "1.2.5"
  resolved "https://registry.npmjs.org/minimist/-/minimist-1.2.5.tgz"
  integrity sha512-FM9nNUYrRBAELZQT3xeZQ7fmMOBg6nWNmJKTcgsJeaLstP/UODVpGsr5OhXhhXg6f+qtJ8uiZ+PUxkDWcgIXLw==

mkdirp@^0.5.1:
  version "0.5.5"
  resolved "https://registry.npmjs.org/mkdirp/-/mkdirp-0.5.5.tgz"
  integrity sha512-NKmAlESf6jMGym1++R0Ra7wvhV+wFW63FaSOFPwRahvea0gMUcGUhVeAg/0BC0wiv9ih5NYPB1Wn1UEI1/L+xQ==
  dependencies:
    minimist "^1.2.5"

once@^1.3.0:
  version "1.4.0"
  resolved "https://registry.npmjs.org/once/-/once-1.4.0.tgz"
  integrity sha1-WDsap3WWHUsROsF9nFC6753Xa9E= sha512-lNaJgI+2Q5URQBkccEKHTQOPaXdUxnZZElQTZY0MFUAuaEqe1E+Nyvgdz/aIyNi6Z9MzO5dv1H8n58/GELp3+w==
  dependencies:
    wrappy "1"

path-is-absolute@^1.0.0:
  version "1.0.1"
  resolved "https://registry.npmjs.org/path-is-absolute/-/path-is-absolute-1.0.1.tgz"
  integrity sha1-F0uSaHNVNP+8es5r9TpanhtcX18= sha512-AVbw3UJ2e9bq64vSaS9Am0fje1Pa8pbGqTTsmXfaIiMpnr5DlDhfJOuLj9Sf95ZPVDAUerDfEk88MPmPe7UCQg==

path-parse@^1.0.6:
  version "1.0.7"
  resolved "https://registry.npmjs.org/path-parse/-/path-parse-1.0.7.tgz"
  integrity sha512-LDJzPVEEEPR+y48z93A0Ed0yXb8pAByGWo/k5YYdYgpY2/2EsOsksJrq7lOHxryrVOn1ejG6oAp8ahvOIQD8sw==

prettier@^2.1.2:
  version "2.2.1"
  resolved "https://registry.npmjs.org/prettier/-/prettier-2.2.1.tgz"
  integrity sha512-PqyhM2yCjg/oKkFPtTGUojv7gnZAoG80ttl45O6x2Ug/rMJw4wcc9k6aaf2hibP7BGVCCM33gZoGjyvt9mm16Q==

resolve@^1.8.1:
  version "1.19.0"
  resolved "https://registry.npmjs.org/resolve/-/resolve-1.19.0.tgz"
  integrity sha512-rArEXAgsBG4UgRGcynxWIWKFvh/XZCcS8UJdHhwy91zwAvCZIbcs+vAbflgBnNjYMs/i/i+/Ux6IZhML1yPvxg==
  dependencies:
    is-core-module "^2.1.0"
    path-parse "^1.0.6"

scrypt-js@3.0.1:
  version "3.0.1"
  resolved "https://registry.npmjs.org/scrypt-js/-/scrypt-js-3.0.1.tgz"
  integrity sha512-cdwTTnqPu0Hyvf5in5asVdZocVDTNRmR7XEcJuIzMjJeSHybHl7vpB66AzwTaIg6CLSbtjcxc8fqcySfnTkccA==

source-map-support@^0.5.17:
  version "0.5.19"
  resolved "https://registry.npmjs.org/source-map-support/-/source-map-support-0.5.19.tgz"
  integrity sha512-Wonm7zOCIJzBGQdB+thsPar0kYuCIzYvxZwlBa87yi/Mdjv7Tip2cyVbLj5o0cFPN4EVkuTwb3GDDyUx2DGnGw==
  dependencies:
    buffer-from "^1.0.0"
    source-map "^0.6.0"

source-map@^0.6.0:
  version "0.6.1"
  resolved "https://registry.npmjs.org/source-map/-/source-map-0.6.1.tgz"
  integrity sha512-UjgapumWlbMhkBgzT7Ykc5YXUT46F0iKu8SGXq0bcwP5dz/h0Plj6enJqjz1Zbq2l5WaqYnrVbwWOWMyF3F47g==

supports-color@^5.3.0:
  version "5.5.0"
  resolved "https://registry.npmjs.org/supports-color/-/supports-color-5.5.0.tgz"
  integrity sha512-QjVjwdXIt408MIiAqCX4oUKsgU2EqAGzs2Ppkm4aQYbjm+ZEWEcW4SfFNTr4uMNZma0ey4f5lgLrkB0aX0QMow==
  dependencies:
    has-flag "^3.0.0"

ts-essentials@^1.0.0:
  version "1.0.4"
  resolved "https://registry.npmjs.org/ts-essentials/-/ts-essentials-1.0.4.tgz"
  integrity sha512-q3N1xS4vZpRouhYHDPwO0bDW3EZ6SK9CrrDHxi/D6BPReSjpVgWIOpLS2o0gSBZm+7q/wyKp6RVM1AeeW7uyfQ==

ts-generator@^0.1.1:
  version "0.1.1"
  resolved "https://registry.npmjs.org/ts-generator/-/ts-generator-0.1.1.tgz"
  integrity sha512-N+ahhZxTLYu1HNTQetwWcx3so8hcYbkKBHTr4b4/YgObFTIKkOSSsaa+nal12w8mfrJAyzJfETXawbNjSfP2gQ==
  dependencies:
    "@types/mkdirp" "^0.5.2"
    "@types/prettier" "^2.1.1"
    "@types/resolve" "^0.0.8"
    chalk "^2.4.1"
    glob "^7.1.2"
    mkdirp "^0.5.1"
    prettier "^2.1.2"
    resolve "^1.8.1"
    ts-essentials "^1.0.0"

ts-node@^8.5.4:
  version "8.10.2"
  resolved "https://registry.npmjs.org/ts-node/-/ts-node-8.10.2.tgz"
  integrity sha512-ISJJGgkIpDdBhWVu3jufsWpK3Rzo7bdiIXJjQc0ynKxVOVcg2oIrf2H2cejminGrptVc6q6/uynAHNCuWGbpVA==
  dependencies:
    arg "^4.1.0"
    diff "^4.0.1"
    make-error "^1.1.1"
    source-map-support "^0.5.17"
    yn "3.1.1"

typescript@^3.7.3, typescript@>=2.7:
  version "3.9.10"
  resolved "https://registry.npmjs.org/typescript/-/typescript-3.9.10.tgz"
  integrity sha512-w6fIxVE/H1PkLKcCPsFqKE7Kv7QUwhU8qQY2MueZXWx5cPZdwFupLgKK3vntcK98BtNHZtAF4LA/yl2a7k8R6Q==

wrappy@1:
  version "1.0.2"
  resolved "https://registry.npmjs.org/wrappy/-/wrappy-1.0.2.tgz"
  integrity sha512-l4Sp/DRseor9wL6EvV2+TuQn63dMkPjZ/sp9XkghTEbV9KlPS1xUsZ3u7/IQO4wxtcFB4bgpQPRcR3QCvezPcQ==

ws@7.4.6:
  version "7.4.6"
  resolved "https://registry.npmjs.org/ws/-/ws-7.4.6.tgz"
  integrity sha512-YmhHDO4MzaDLB+M9ym/mDA5z0naX8j7SIlT8f8z+I0VtzsRbekxEutHSme7NPS2qE8StCYQNUnfWdXta/Yu85A==

yn@3.1.1:
  version "3.1.1"
  resolved "https://registry.npmjs.org/yn/-/yn-3.1.1.tgz"
  integrity sha512-Ux4ygGWsu2c7isFWe8Yu1YluJmqVhxqK2cLXNQA5AcC3QfbGNpM7fu0Y8b/z16pXLnFxZYvWhd3fhBY9DLmC6Q==
